
Microsoft Visual Studio Solution File, Format Version 12.00
# Visual Studio Version 16
VisualStudioVersion = 25.0.1703.8
MinimumVisualStudioVersion = 10.0.40219.1
Project("{FAE04EC0-301F-11D3-BF4B-00C04F79EFBC}") = "Coffee_Data_Service", "Coffee_Data_Service\Coffee_Data_Service.csproj", "{A639C549-D48E-4AA2-ADA0-94D98D31A096}"
EndProject
Project("{E53339B2-1760-4266-BCC7-CA923CBCF16C}") = "docker-compose", "docker-compose.dcproj", "{4DBDE2C7-34B5-4EE3-840F-2EDBECA768CF}"
EndProject
Project("{2150E333-8FDC-42A3-9474-1A3956D46DE8}") = "Solution Items", "Solution Items", "{6AF16449-849E-4B0D-8977-BA907A32887C}"
	ProjectSection(SolutionItems) = preProject
		Dockerfile = Dockerfile
	EndProjectSection
EndProject
Project("{FAE04EC0-301F-11D3-BF4B-00C04F79EFBC}") = "Coffee_Data_Service.IntegrationTest", "Coffee_Data_Service.IntegrationTest\Coffee_Data_Service.IntegrationTest.csproj", "{63259763-3AE4-410D-B616-D0CD20B5FEFB}"
EndProject
Project("{FAE04EC0-301F-11D3-BF4B-00C04F79EFBC}") = "Coffee_Data_Service.UnitTest", "..\Coffee_Data_Service.UnitTest\Coffee_Data_Service.UnitTest.csproj", "{F39CFA2B-2220-47DC-B6C5-5DC21736CB16}"
EndProject
Global
	GlobalSection(SolutionConfigurationPlatforms) = preSolution
		Debug|Any CPU = Debug|Any CPU
		Release|Any CPU = Release|Any CPU
	EndGlobalSection
	GlobalSection(ProjectConfigurationPlatforms) = postSolution
		{A639C549-D48E-4AA2-ADA0-94D98D31A096}.Debug|Any CPU.ActiveCfg = Debug|Any CPU
		{A639C549-D48E-4AA2-ADA0-94D98D31A096}.Debug|Any CPU.Build.0 = Debug|Any CPU
		{A639C549-D48E-4AA2-ADA0-94D98D31A096}.Release|Any CPU.ActiveCfg = Release|Any CPU
		{A639C549-D48E-4AA2-ADA0-94D98D31A096}.Release|Any CPU.Build.0 = Release|Any CPU
		{4DBDE2C7-34B5-4EE3-840F-2EDBECA768CF}.Debug|Any CPU.ActiveCfg = Debug|Any CPU
		{4DBDE2C7-34B5-4EE3-840F-2EDBECA768CF}.Debug|Any CPU.Build.0 = Debug|Any CPU
		{4DBDE2C7-34B5-4EE3-840F-2EDBECA768CF}.Release|Any CPU.ActiveCfg = Release|Any CPU
		{4DBDE2C7-34B5-4EE3-840F-2EDBECA768CF}.Release|Any CPU.Build.0 = Release|Any CPU
		{63259763-3AE4-410D-B616-D0CD20B5FEFB}.Debug|Any CPU.ActiveCfg = Debug|Any CPU
		{63259763-3AE4-410D-B616-D0CD20B5FEFB}.Debug|Any CPU.Build.0 = Debug|Any CPU
		{63259763-3AE4-410D-B616-D0CD20B5FEFB}.Release|Any CPU.ActiveCfg = Release|Any CPU
		{63259763-3AE4-410D-B616-D0CD20B5FEFB}.Release|Any CPU.Build.0 = Release|Any CPU
		{F39CFA2B-2220-47DC-B6C5-5DC21736CB16}.Debug|Any CPU.ActiveCfg = Debug|Any CPU
		{F39CFA2B-2220-47DC-B6C5-5DC21736CB16}.Debug|Any CPU.Build.0 = Debug|Any CPU
		{F39CFA2B-2220-47DC-B6C5-5DC21736CB16}.Release|Any CPU.ActiveCfg = Release|Any CPU
		{F39CFA2B-2220-47DC-B6C5-5DC21736CB16}.Release|Any CPU.Build.0 = Release|Any CPU
	EndGlobalSection
	GlobalSection(SolutionProperties) = preSolution
		HideSolutionNode = FALSE
	EndGlobalSection
	GlobalSection(ExtensibilityGlobals) = postSolution
		SolutionGuid = {4CE4A925-3BCE-45BA-943B-ACD41F7D8668}
	EndGlobalSection
EndGlobal
